
Microsoft Visual Studio Solution File, Format Version 12.00
# Visual Studio Version 17
VisualStudioVersion = 17.8.34525.116
MinimumVisualStudioVersion = 10.0.40219.1
Project("{9A19103F-16F7-4668-BE54-9A1E7A4F7556}") = "RaftElection", "RaftElection\RaftElection.csproj", "{A327540D-739D-4FA9-8B7F-19F168E82183}"
EndProject
Project("{9A19103F-16F7-4668-BE54-9A1E7A4F7556}") = "RaftElectionTest", "RaftElectionTest\RaftElectionTest.csproj", "{DA11163D-95A2-40F9-99EF-B374386F57EF}"
EndProject
Project("{9A19103F-16F7-4668-BE54-9A1E7A4F7556}") = "RaftGateway", "RaftGateway\RaftGateway.csproj", "{F550FE36-3F2A-4D26-B3C7-C91186312F7D}"
EndProject
Project("{9A19103F-16F7-4668-BE54-9A1E7A4F7556}") = "RaftNodesAPI", "RaftNodesAPI\RaftNodesAPI.csproj", "{5F495A96-10B4-47E5-8EA2-816D681182A5}"
EndProject
Project("{E53339B2-1760-4266-BCC7-CA923CBCF16C}") = "docker-compose", "docker-compose.dcproj", "{798A759C-3E82-4830-ACF0-F35F459D1FC7}"
EndProject
Project("{9A19103F-16F7-4668-BE54-9A1E7A4F7556}") = "GatewayAPI", "GatewayAPI\GatewayAPI.csproj", "{7961AA72-AF10-48E5-BB48-EB77D4039DE8}"
EndProject
Project("{FAE04EC0-301F-11D3-BF4B-00C04F79EFBC}") = "RetailClient", "RetailClient\RetailClient.csproj", "{44126EAE-47A3-44E9-8A2E-22BC5AEC8143}"
EndProject
Global
	GlobalSection(SolutionConfigurationPlatforms) = preSolution
		Debug|Any CPU = Debug|Any CPU
		Release|Any CPU = Release|Any CPU
	EndGlobalSection
	GlobalSection(ProjectConfigurationPlatforms) = postSolution
		{A327540D-739D-4FA9-8B7F-19F168E82183}.Debug|Any CPU.ActiveCfg = Debug|Any CPU
		{A327540D-739D-4FA9-8B7F-19F168E82183}.Debug|Any CPU.Build.0 = Debug|Any CPU
		{A327540D-739D-4FA9-8B7F-19F168E82183}.Release|Any CPU.ActiveCfg = Release|Any CPU
		{A327540D-739D-4FA9-8B7F-19F168E82183}.Release|Any CPU.Build.0 = Release|Any CPU
		{DA11163D-95A2-40F9-99EF-B374386F57EF}.Debug|Any CPU.ActiveCfg = Debug|Any CPU
		{DA11163D-95A2-40F9-99EF-B374386F57EF}.Debug|Any CPU.Build.0 = Debug|Any CPU
		{DA11163D-95A2-40F9-99EF-B374386F57EF}.Release|Any CPU.ActiveCfg = Release|Any CPU
		{DA11163D-95A2-40F9-99EF-B374386F57EF}.Release|Any CPU.Build.0 = Release|Any CPU
		{F550FE36-3F2A-4D26-B3C7-C91186312F7D}.Debug|Any CPU.ActiveCfg = Debug|Any CPU
		{F550FE36-3F2A-4D26-B3C7-C91186312F7D}.Debug|Any CPU.Build.0 = Debug|Any CPU
		{F550FE36-3F2A-4D26-B3C7-C91186312F7D}.Release|Any CPU.ActiveCfg = Release|Any CPU
		{F550FE36-3F2A-4D26-B3C7-C91186312F7D}.Release|Any CPU.Build.0 = Release|Any CPU
		{5F495A96-10B4-47E5-8EA2-816D681182A5}.Debug|Any CPU.ActiveCfg = Debug|Any CPU
		{5F495A96-10B4-47E5-8EA2-816D681182A5}.Debug|Any CPU.Build.0 = Debug|Any CPU
		{5F495A96-10B4-47E5-8EA2-816D681182A5}.Release|Any CPU.ActiveCfg = Release|Any CPU
		{5F495A96-10B4-47E5-8EA2-816D681182A5}.Release|Any CPU.Build.0 = Release|Any CPU
		{798A759C-3E82-4830-ACF0-F35F459D1FC7}.Debug|Any CPU.ActiveCfg = Debug|Any CPU
		{798A759C-3E82-4830-ACF0-F35F459D1FC7}.Debug|Any CPU.Build.0 = Debug|Any CPU
		{798A759C-3E82-4830-ACF0-F35F459D1FC7}.Release|Any CPU.ActiveCfg = Release|Any CPU
		{798A759C-3E82-4830-ACF0-F35F459D1FC7}.Release|Any CPU.Build.0 = Release|Any CPU
		{7961AA72-AF10-48E5-BB48-EB77D4039DE8}.Debug|Any CPU.ActiveCfg = Debug|Any CPU
		{7961AA72-AF10-48E5-BB48-EB77D4039DE8}.Debug|Any CPU.Build.0 = Debug|Any CPU
		{7961AA72-AF10-48E5-BB48-EB77D4039DE8}.Release|Any CPU.ActiveCfg = Release|Any CPU
		{7961AA72-AF10-48E5-BB48-EB77D4039DE8}.Release|Any CPU.Build.0 = Release|Any CPU
		{44126EAE-47A3-44E9-8A2E-22BC5AEC8143}.Debug|Any CPU.ActiveCfg = Debug|Any CPU
		{44126EAE-47A3-44E9-8A2E-22BC5AEC8143}.Debug|Any CPU.Build.0 = Debug|Any CPU
		{44126EAE-47A3-44E9-8A2E-22BC5AEC8143}.Release|Any CPU.ActiveCfg = Release|Any CPU
		{44126EAE-47A3-44E9-8A2E-22BC5AEC8143}.Release|Any CPU.Build.0 = Release|Any CPU
	EndGlobalSection
	GlobalSection(SolutionProperties) = preSolution
		HideSolutionNode = FALSE
	EndGlobalSection
	GlobalSection(ExtensibilityGlobals) = postSolution
		SolutionGuid = {BEC517D3-BED4-43F1-9EAB-A285DB659A81}
	EndGlobalSection
EndGlobal
